PODS:
  - CSLCommonLibrary (0.3.0)
  - CSLUILibrary (0.0.10):
    - CSLCommonLibrary
    - JSONModel
    - Masonry
    - SDWebImage
  - JSONModel (1.8.0)
  - Masonry (1.1.0)
  - SDWebImage (5.3.1):
    - SDWebImage/Core (= 5.3.1)
  - SDWebImage/Core (5.3.1)

DEPENDENCIES:
  - CSLCommonLibrary (= 0.3.0)
  - CSLUILibrary (from `../`)
  - JSONModel
  - Masonry
  - SDWebImage (~> 5.0)

SPEC REPOS:
  https://github.com/CocoaPods/Specs.git:
    - CSLCommonLibrary
    - JSONModel
    - Masonry
    - SDWebImage

EXTERNAL SOURCES:
  CSLUILibrary:
    :path: "../"

SPEC CHECKSUMS:
  CSLCommonLibrary: 25ee09c9d92bd2a74c542291e6ed834fdf893d26
  CSLUILibrary: 2eabf6a8cadf18ac2a42a8c029622a0d22c5c7b8
  JSONModel: 02ab723958366a3fd27da57ea2af2113658762e9
  Masonry: 678fab65091a9290e40e2832a55e7ab731aad201
  SDWebImage: 7137d57385fb632129838c1e6ab9528a22c666cc

PODFILE CHECKSUM: 686de45208bf66cf57be28d7de5b225fcc292c0f

COCOAPODS: 1.8.4
