// !$*UTF8*$!
{
	archiveVersion = 1;
	classes = {
	};
	objectVersion = 51;
	objects = {

/* Begin PBXBuildFile section */
		1502C2EC238BBCD900C93443 /* StaticCollectionViewController.m in Sources */ = {isa = PBXBuildFile; fileRef = 1502C2EB238BBCD900C93443 /* StaticCollectionViewController.m */; };
		1502C2F0238BBFA300C93443 /* StaticCollectionViewCell.m in Sources */ = {isa = PBXBuildFile; fileRef = 1502C2EE238BBFA300C93443 /* StaticCollectionViewCell.m */; };
		1502C2F1238BBFA300C93443 /* StaticCollectionViewCell.xib in Resources */ = {isa = PBXBuildFile; fileRef = 1502C2EF238BBFA300C93443 /* StaticCollectionViewCell.xib */; };
		150C579C2394ED8600FC8DE2 /* ButtonController.m in Sources */ = {isa = PBXBuildFile; fileRef = 150C579B2394ED8600FC8DE2 /* ButtonController.m */; };
		150C57A523960D0100FC8DE2 /* CustomTableCellController.m in Sources */ = {isa = PBXBuildFile; fileRef = 150C57A423960D0100FC8DE2 /* CustomTableCellController.m */; };
		153FDD422383CF3700EFE6FB /* BaseController.m in Sources */ = {isa = PBXBuildFile; fileRef = 153FDD412383CF3700EFE6FB /* BaseController.m */; };
		1543E97A2372739A00A8F9BA /* PupViewController.m in Sources */ = {isa = PBXBuildFile; fileRef = 1543E9792372739A00A8F9BA /* PupViewController.m */; };
		1545EBD4238D147600157D71 /* NoRuleCollectionViewController.m in Sources */ = {isa = PBXBuildFile; fileRef = 1545EBD3238D147600157D71 /* NoRuleCollectionViewController.m */; };
		1545EBDB238D2F9700157D71 /* CustomViewController.m in Sources */ = {isa = PBXBuildFile; fileRef = 1545EBDA238D2F9700157D71 /* CustomViewController.m */; };
		1550CC34236AD749002CB249 /* LabelController.m in Sources */ = {isa = PBXBuildFile; fileRef = 1550CC33236AD749002CB249 /* LabelController.m */; };
		15596B5B236C29480073C0CB /* ImageViewController.m in Sources */ = {isa = PBXBuildFile; fileRef = 15596B5A236C29480073C0CB /* ImageViewController.m */; };
		15596B5D236C2E200073C0CB /* 3.jpg in Resources */ = {isa = PBXBuildFile; fileRef = 15596B5C236C2E200073C0CB /* 3.jpg */; };
		157EF9012397ABBA00FF4C98 /* AlertController.m in Sources */ = {isa = PBXBuildFile; fileRef = 157EF9002397ABBA00FF4C98 /* AlertController.m */; };
		158C6C4E236A96C600F80FA6 /* AppDelegate.m in Sources */ = {isa = PBXBuildFile; fileRef = 158C6C4D236A96C600F80FA6 /* AppDelegate.m */; };
		158C6C51236A96C600F80FA6 /* ViewController.m in Sources */ = {isa = PBXBuildFile; fileRef = 158C6C50236A96C600F80FA6 /* ViewController.m */; };
		158C6C54236A96C600F80FA6 /* Main.storyboard in Resources */ = {isa = PBXBuildFile; fileRef = 158C6C52236A96C600F80FA6 /* Main.storyboard */; };
		158C6C56236A96C700F80FA6 /* Assets.xcassets in Resources */ = {isa = PBXBuildFile; fileRef = 158C6C55236A96C700F80FA6 /* Assets.xcassets */; };
		158C6C59236A96C700F80FA6 /* LaunchScreen.storyboard in Resources */ = {isa = PBXBuildFile; fileRef = 158C6C57236A96C700F80FA6 /* LaunchScreen.storyboard */; };
		158C6C5C236A96C700F80FA6 /* main.m in Sources */ = {isa = PBXBuildFile; fileRef = 158C6C5B236A96C700F80FA6 /* main.m */; };
		15B3C7DE237A8843009CAFFE /* YYFPSLabel.m in Sources */ = {isa = PBXBuildFile; fileRef = 15B3C7DD237A8843009CAFFE /* YYFPSLabel.m */; };
		15BB8F2323A38B9800698AE4 /* PageableCollectionController.m in Sources */ = {isa = PBXBuildFile; fileRef = 15BB8F2223A38B9800698AE4 /* PageableCollectionController.m */; };
		15D15963238627B1006DD86B /* NavTranslucentViewController.m in Sources */ = {isa = PBXBuildFile; fileRef = 15D15962238627B1006DD86B /* NavTranslucentViewController.m */; };
		15D1597623868793006DD86B /* TabbarController.m in Sources */ = {isa = PBXBuildFile; fileRef = 15D1597523868793006DD86B /* TabbarController.m */; };
		15D53C27239E1EB800A10E0B /* ToastController.m in Sources */ = {isa = PBXBuildFile; fileRef = 15D53C26239E1EB800A10E0B /* ToastController.m */; };
		15DB4114238E0E5200DE1F5C /* RuiXingCoffeeHomeVC.m in Sources */ = {isa = PBXBuildFile; fileRef = 15DB4113238E0E5200DE1F5C /* RuiXingCoffeeHomeVC.m */; };
		15DB411A238E281000DE1F5C /* RuiXingCoffeeHomeHeaderView.m in Sources */ = {isa = PBXBuildFile; fileRef = 15DB4119238E281000DE1F5C /* RuiXingCoffeeHomeHeaderView.m */; };
		15EFE1532370FE7D00912334 /* 11.PNG in Resources */ = {isa = PBXBuildFile; fileRef = 15EFE1522370FE7D00912334 /* 11.PNG */; };
		15EFE17F23717B8100912334 /* RecycleViewController.m in Sources */ = {isa = PBXBuildFile; fileRef = 15EFE17E23717B8100912334 /* RecycleViewController.m */; };
		15EFE18423717E7C00912334 /* cir3.png in Resources */ = {isa = PBXBuildFile; fileRef = 15EFE18023717E7C00912334 /* cir3.png */; };
		15EFE18523717E7C00912334 /* cir2.png in Resources */ = {isa = PBXBuildFile; fileRef = 15EFE18123717E7C00912334 /* cir2.png */; };
		15EFE18623717E7C00912334 /* cir0.png in Resources */ = {isa = PBXBuildFile; fileRef = 15EFE18223717E7C00912334 /* cir0.png */; };
		15EFE18723717E7C00912334 /* cir1.png in Resources */ = {isa = PBXBuildFile; fileRef = 15EFE18323717E7C00912334 /* cir1.png */; };
		15FA042723A72DE800DF6A41 /* NoticeBarController.m in Sources */ = {isa = PBXBuildFile; fileRef = 15FA042623A72DE800DF6A41 /* NoticeBarController.m */; };
		15FF8BB723751F8100B920B2 /* SearchViewController.m in Sources */ = {isa = PBXBuildFile; fileRef = 15FF8BB623751F8100B920B2 /* SearchViewController.m */; };
		D85475017630C8A0F1E343DE /* libPods-CSLUILibraryDemo.a in Frameworks */ = {isa = PBXBuildFile; fileRef = 4AD27CE187FC64CC27895BFE /* libPods-CSLUILibraryDemo.a */; };
/* End PBXBuildFile section */

/* Begin PBXFileReference section */
		1502C2EA238BBCD900C93443 /* StaticCollectionViewController.h */ = {isa = PBXFileReference; lastKnownFileType = sourcecode.c.h; path = StaticCollectionViewController.h; sourceTree = "<group>"; };
		1502C2EB238BBCD900C93443 /* StaticCollectionViewController.m */ = {isa = PBXFileReference; lastKnownFileType = sourcecode.c.objc; path = StaticCollectionViewController.m; sourceTree = "<group>"; };
		1502C2ED238BBFA300C93443 /* StaticCollectionViewCell.h */ = {isa = PBXFileReference; lastKnownFileType = sourcecode.c.h; path = StaticCollectionViewCell.h; sourceTree = "<group>"; };
		1502C2EE238BBFA300C93443 /* StaticCollectionViewCell.m */ = {isa = PBXFileReference; lastKnownFileType = sourcecode.c.objc; path = StaticCollectionViewCell.m; sourceTree = "<group>"; };
		1502C2EF238BBFA300C93443 /* StaticCollectionViewCell.xib */ = {isa = PBXFileReference; lastKnownFileType = file.xib; path = StaticCollectionViewCell.xib; sourceTree = "<group>"; };
		150C579A2394ED8600FC8DE2 /* ButtonController.h */ = {isa = PBXFileReference; lastKnownFileType = sourcecode.c.h; path = ButtonController.h; sourceTree = "<group>"; };
		150C579B2394ED8600FC8DE2 /* ButtonController.m */ = {isa = PBXFileReference; lastKnownFileType = sourcecode.c.objc; path = ButtonController.m; sourceTree = "<group>"; };
		150C57A323960D0100FC8DE2 /* CustomTableCellController.h */ = {isa = PBXFileReference; lastKnownFileType = sourcecode.c.h; path = CustomTableCellController.h; sourceTree = "<group>"; };
		150C57A423960D0100FC8DE2 /* CustomTableCellController.m */ = {isa = PBXFileReference; lastKnownFileType = sourcecode.c.objc; path = CustomTableCellController.m; sourceTree = "<group>"; };
		153FDD402383CF3700EFE6FB /* BaseController.h */ = {isa = PBXFileReference; lastKnownFileType = sourcecode.c.h; path = BaseController.h; sourceTree = "<group>"; };
		153FDD412383CF3700EFE6FB /* BaseController.m */ = {isa = PBXFileReference; lastKnownFileType = sourcecode.c.objc; path = BaseController.m; sourceTree = "<group>"; };
		1543E9782372739A00A8F9BA /* PupViewController.h */ = {isa = PBXFileReference; lastKnownFileType = sourcecode.c.h; path = PupViewController.h; sourceTree = "<group>"; };
		1543E9792372739A00A8F9BA /* PupViewController.m */ = {isa = PBXFileReference; lastKnownFileType = sourcecode.c.objc; path = PupViewController.m; sourceTree = "<group>"; };
		1545EBD2238D147600157D71 /* NoRuleCollectionViewController.h */ = {isa = PBXFileReference; lastKnownFileType = sourcecode.c.h; path = NoRuleCollectionViewController.h; sourceTree = "<group>"; };
		1545EBD3238D147600157D71 /* NoRuleCollectionViewController.m */ = {isa = PBXFileReference; lastKnownFileType = sourcecode.c.objc; path = NoRuleCollectionViewController.m; sourceTree = "<group>"; };
		1545EBD9238D2F9700157D71 /* CustomViewController.h */ = {isa = PBXFileReference; lastKnownFileType = sourcecode.c.h; path = CustomViewController.h; sourceTree = "<group>"; };
		1545EBDA238D2F9700157D71 /* CustomViewController.m */ = {isa = PBXFileReference; lastKnownFileType = sourcecode.c.objc; path = CustomViewController.m; sourceTree = "<group>"; };
		1550CC32236AD749002CB249 /* LabelController.h */ = {isa = PBXFileReference; lastKnownFileType = sourcecode.c.h; path = LabelController.h; sourceTree = "<group>"; };
		1550CC33236AD749002CB249 /* LabelController.m */ = {isa = PBXFileReference; lastKnownFileType = sourcecode.c.objc; path = LabelController.m; sourceTree = "<group>"; };
		15596B58236C28700073C0CB /* CSLUILibraryPrefixHeader.pch */ = {isa = PBXFileReference; lastKnownFileType = sourcecode.c.h; path = CSLUILibraryPrefixHeader.pch; sourceTree = "<group>"; };
		15596B59236C29480073C0CB /* ImageViewController.h */ = {isa = PBXFileReference; lastKnownFileType = sourcecode.c.h; path = ImageViewController.h; sourceTree = "<group>"; };
		15596B5A236C29480073C0CB /* ImageViewController.m */ = {isa = PBXFileReference; lastKnownFileType = sourcecode.c.objc; path = ImageViewController.m; sourceTree = "<group>"; };
		15596B5C236C2E200073C0CB /* 3.jpg */ = {isa = PBXFileReference; lastKnownFileType = image.jpeg; path = 3.jpg; sourceTree = "<group>"; };
		157EF8FF2397ABBA00FF4C98 /* AlertController.h */ = {isa = PBXFileReference; lastKnownFileType = sourcecode.c.h; path = AlertController.h; sourceTree = "<group>"; };
		157EF9002397ABBA00FF4C98 /* AlertController.m */ = {isa = PBXFileReference; lastKnownFileType = sourcecode.c.objc; path = AlertController.m; sourceTree = "<group>"; };
		158C6C49236A96C600F80FA6 /* CSLUILibraryDemo.app */ = {isa = PBXFileReference; explicitFileType = wrapper.application; includeInIndex = 0; path = CSLUILibraryDemo.app; sourceTree = BUILT_PRODUCTS_DIR; };
		158C6C4C236A96C600F80FA6 /* AppDelegate.h */ = {isa = PBXFileReference; lastKnownFileType = sourcecode.c.h; path = AppDelegate.h; sourceTree = "<group>"; };
		158C6C4D236A96C600F80FA6 /* AppDelegate.m */ = {isa = PBXFileReference; lastKnownFileType = sourcecode.c.objc; path = AppDelegate.m; sourceTree = "<group>"; };
		158C6C4F236A96C600F80FA6 /* ViewController.h */ = {isa = PBXFileReference; lastKnownFileType = sourcecode.c.h; path = ViewController.h; sourceTree = "<group>"; };
		158C6C50236A96C600F80FA6 /* ViewController.m */ = {isa = PBXFileReference; lastKnownFileType = sourcecode.c.objc; path = ViewController.m; sourceTree = "<group>"; };
		158C6C53236A96C600F80FA6 /* Base */ = {isa = PBXFileReference; lastKnownFileType = file.storyboard; name = Base; path = Base.lproj/Main.storyboard; sourceTree = "<group>"; };
		158C6C55236A96C700F80FA6 /* Assets.xcassets */ = {isa = PBXFileReference; lastKnownFileType = folder.assetcatalog; path = Assets.xcassets; sourceTree = "<group>"; };
		158C6C58236A96C700F80FA6 /* Base */ = {isa = PBXFileReference; lastKnownFileType = file.storyboard; name = Base; path = Base.lproj/LaunchScreen.storyboard; sourceTree = "<group>"; };
		158C6C5A236A96C700F80FA6 /* Info.plist */ = {isa = PBXFileReference; lastKnownFileType = text.plist.xml; path = Info.plist; sourceTree = "<group>"; };
		158C6C5B236A96C700F80FA6 /* main.m */ = {isa = PBXFileReference; lastKnownFileType = sourcecode.c.objc; path = main.m; sourceTree = "<group>"; };
		15B3C7DC237A8843009CAFFE /* YYFPSLabel.h */ = {isa = PBXFileReference; fileEncoding = 4; lastKnownFileType = sourcecode.c.h; path = YYFPSLabel.h; sourceTree = "<group>"; };
		15B3C7DD237A8843009CAFFE /* YYFPSLabel.m */ = {isa = PBXFileReference; fileEncoding = 4; lastKnownFileType = sourcecode.c.objc; path = YYFPSLabel.m; sourceTree = "<group>"; };
		15BB8F2123A38B9800698AE4 /* PageableCollectionController.h */ = {isa = PBXFileReference; lastKnownFileType = sourcecode.c.h; path = PageableCollectionController.h; sourceTree = "<group>"; };
		15BB8F2223A38B9800698AE4 /* PageableCollectionController.m */ = {isa = PBXFileReference; lastKnownFileType = sourcecode.c.objc; path = PageableCollectionController.m; sourceTree = "<group>"; };
		15D15961238627B1006DD86B /* NavTranslucentViewController.h */ = {isa = PBXFileReference; lastKnownFileType = sourcecode.c.h; path = NavTranslucentViewController.h; sourceTree = "<group>"; };
		15D15962238627B1006DD86B /* NavTranslucentViewController.m */ = {isa = PBXFileReference; lastKnownFileType = sourcecode.c.objc; path = NavTranslucentViewController.m; sourceTree = "<group>"; };
		15D1597423868793006DD86B /* TabbarController.h */ = {isa = PBXFileReference; lastKnownFileType = sourcecode.c.h; path = TabbarController.h; sourceTree = "<group>"; };
		15D1597523868793006DD86B /* TabbarController.m */ = {isa = PBXFileReference; lastKnownFileType = sourcecode.c.objc; path = TabbarController.m; sourceTree = "<group>"; };
		15D53C25239E1EB800A10E0B /* ToastController.h */ = {isa = PBXFileReference; lastKnownFileType = sourcecode.c.h; path = ToastController.h; sourceTree = "<group>"; };
		15D53C26239E1EB800A10E0B /* ToastController.m */ = {isa = PBXFileReference; lastKnownFileType = sourcecode.c.objc; path = ToastController.m; sourceTree = "<group>"; };
		15DB4112238E0E5200DE1F5C /* RuiXingCoffeeHomeVC.h */ = {isa = PBXFileReference; lastKnownFileType = sourcecode.c.h; path = RuiXingCoffeeHomeVC.h; sourceTree = "<group>"; };
		15DB4113238E0E5200DE1F5C /* RuiXingCoffeeHomeVC.m */ = {isa = PBXFileReference; lastKnownFileType = sourcecode.c.objc; path = RuiXingCoffeeHomeVC.m; sourceTree = "<group>"; };
		15DB4118238E281000DE1F5C /* RuiXingCoffeeHomeHeaderView.h */ = {isa = PBXFileReference; lastKnownFileType = sourcecode.c.h; path = RuiXingCoffeeHomeHeaderView.h; sourceTree = "<group>"; };
		15DB4119238E281000DE1F5C /* RuiXingCoffeeHomeHeaderView.m */ = {isa = PBXFileReference; lastKnownFileType = sourcecode.c.objc; path = RuiXingCoffeeHomeHeaderView.m; sourceTree = "<group>"; };
		15EFE1522370FE7D00912334 /* 11.PNG */ = {isa = PBXFileReference; lastKnownFileType = image.png; path = 11.PNG; sourceTree = "<group>"; };
		15EFE17D23717B8100912334 /* RecycleViewController.h */ = {isa = PBXFileReference; lastKnownFileType = sourcecode.c.h; path = RecycleViewController.h; sourceTree = "<group>"; };
		15EFE17E23717B8100912334 /* RecycleViewController.m */ = {isa = PBXFileReference; lastKnownFileType = sourcecode.c.objc; path = RecycleViewController.m; sourceTree = "<group>"; };
		15EFE18023717E7C00912334 /* cir3.png */ = {isa = PBXFileReference; lastKnownFileType = image.png; path = cir3.png; sourceTree = "<group>"; };
		15EFE18123717E7C00912334 /* cir2.png */ = {isa = PBXFileReference; lastKnownFileType = image.png; path = cir2.png; sourceTree = "<group>"; };
		15EFE18223717E7C00912334 /* cir0.png */ = {isa = PBXFileReference; lastKnownFileType = image.png; path = cir0.png; sourceTree = "<group>"; };
		15EFE18323717E7C00912334 /* cir1.png */ = {isa = PBXFileReference; lastKnownFileType = image.png; path = cir1.png; sourceTree = "<group>"; };
		15FA042523A72DE800DF6A41 /* NoticeBarController.h */ = {isa = PBXFileReference; lastKnownFileType = sourcecode.c.h; path = NoticeBarController.h; sourceTree = "<group>"; };
		15FA042623A72DE800DF6A41 /* NoticeBarController.m */ = {isa = PBXFileReference; lastKnownFileType = sourcecode.c.objc; path = NoticeBarController.m; sourceTree = "<group>"; };
		15FF8BB523751F8100B920B2 /* SearchViewController.h */ = {isa = PBXFileReference; lastKnownFileType = sourcecode.c.h; path = SearchViewController.h; sourceTree = "<group>"; };
		15FF8BB623751F8100B920B2 /* SearchViewController.m */ = {isa = PBXFileReference; lastKnownFileType = sourcecode.c.objc; path = SearchViewController.m; sourceTree = "<group>"; };
		4AD27CE187FC64CC27895BFE /* libPods-CSLUILibraryDemo.a */ = {isa = PBXFileReference; explicitFileType = archive.ar; includeInIndex = 0; path = "libPods-CSLUILibraryDemo.a"; sourceTree = BUILT_PRODUCTS_DIR; };
		83958D723C86C661A88C9606 /* Pods-CSLUILibraryDemo.release.xcconfig */ = {isa = PBXFileReference; includeInIndex = 1; lastKnownFileType = text.xcconfig; name = "Pods-CSLUILibraryDemo.release.xcconfig"; path = "Target Support Files/Pods-CSLUILibraryDemo/Pods-CSLUILibraryDemo.release.xcconfig"; sourceTree = "<group>"; };
		CC1DC1C3CACFE58F133EC4CB /* Pods-CSLUILibraryDemo.debug.xcconfig */ = {isa = PBXFileReference; includeInIndex = 1; lastKnownFileType = text.xcconfig; name = "Pods-CSLUILibraryDemo.debug.xcconfig"; path = "Target Support Files/Pods-CSLUILibraryDemo/Pods-CSLUILibraryDemo.debug.xcconfig"; sourceTree = "<group>"; };
/* End PBXFileReference section */

/* Begin PBXFrameworksBuildPhase section */
		158C6C46236A96C600F80FA6 /* Frameworks */ = {
			isa = PBXFrameworksBuildPhase;
			buildActionMask = 2147483647;
			files = (
				D85475017630C8A0F1E343DE /* libPods-CSLUILibraryDemo.a in Frameworks */,
			);
			runOnlyForDeploymentPostprocessing = 0;
		};
/* End PBXFrameworksBuildPhase section */

/* Begin PBXGroup section */
		1550CC31236AD724002CB249 /* BasicElement */ = {
			isa = PBXGroup;
			children = (
				1550CC32236AD749002CB249 /* LabelController.h */,
				1550CC33236AD749002CB249 /* LabelController.m */,
				150C579A2394ED8600FC8DE2 /* ButtonController.h */,
				150C579B2394ED8600FC8DE2 /* ButtonController.m */,
				15596B59236C29480073C0CB /* ImageViewController.h */,
				15596B5A236C29480073C0CB /* ImageViewController.m */,
				15D1597423868793006DD86B /* TabbarController.h */,
				15D1597523868793006DD86B /* TabbarController.m */,
				1545EBD9238D2F9700157D71 /* CustomViewController.h */,
				1545EBDA238D2F9700157D71 /* CustomViewController.m */,
				150C57A323960D0100FC8DE2 /* CustomTableCellController.h */,
				150C57A423960D0100FC8DE2 /* CustomTableCellController.m */,
				15FA042523A72DE800DF6A41 /* NoticeBarController.h */,
				15FA042623A72DE800DF6A41 /* NoticeBarController.m */,
			);
			path = BasicElement;
			sourceTree = "<group>";
		};
		158C6C40236A96C600F80FA6 = {
			isa = PBXGroup;
			children = (
				158C6C4B236A96C600F80FA6 /* CSLUILibraryDemo */,
				158C6C4A236A96C600F80FA6 /* Products */,
				74ED8899ABC998C81C328A3A /* Pods */,
				874267574825097C56BF1582 /* Frameworks */,
			);
			sourceTree = "<group>";
		};
		158C6C4A236A96C600F80FA6 /* Products */ = {
			isa = PBXGroup;
			children = (
				158C6C49236A96C600F80FA6 /* CSLUILibraryDemo.app */,
			);
			name = Products;
			sourceTree = "<group>";
		};
		158C6C4B236A96C600F80FA6 /* CSLUILibraryDemo */ = {
			isa = PBXGroup;
			children = (
				15B3C7DC237A8843009CAFFE /* YYFPSLabel.h */,
				15B3C7DD237A8843009CAFFE /* YYFPSLabel.m */,
				158C6C4C236A96C600F80FA6 /* AppDelegate.h */,
				158C6C4D236A96C600F80FA6 /* AppDelegate.m */,
				158C6C4F236A96C600F80FA6 /* ViewController.h */,
				158C6C50236A96C600F80FA6 /* ViewController.m */,
				15D159602386279B006DD86B /* Other */,
				15EFE17C23717B6B00912334 /* Component */,
				15EFE135236FCD7000912334 /* Base */,
				1550CC31236AD724002CB249 /* BasicElement */,
				158C6C52236A96C600F80FA6 /* Main.storyboard */,
				158C6C55236A96C700F80FA6 /* Assets.xcassets */,
				158C6C57236A96C700F80FA6 /* LaunchScreen.storyboard */,
				158C6C5A236A96C700F80FA6 /* Info.plist */,
				15596B58236C28700073C0CB /* CSLUILibraryPrefixHeader.pch */,
				158C6C5B236A96C700F80FA6 /* main.m */,
				15EFE1522370FE7D00912334 /* 11.PNG */,
				15596B5C236C2E200073C0CB /* 3.jpg */,
				15EFE18223717E7C00912334 /* cir0.png */,
				15EFE18323717E7C00912334 /* cir1.png */,
				15EFE18123717E7C00912334 /* cir2.png */,
				15EFE18023717E7C00912334 /* cir3.png */,
			);
			path = CSLUILibraryDemo;
			sourceTree = "<group>";
		};
		15D159602386279B006DD86B /* Other */ = {
			isa = PBXGroup;
			children = (
				15D15961238627B1006DD86B /* NavTranslucentViewController.h */,
				15D15962238627B1006DD86B /* NavTranslucentViewController.m */,
				15DB4112238E0E5200DE1F5C /* RuiXingCoffeeHomeVC.h */,
				15DB4113238E0E5200DE1F5C /* RuiXingCoffeeHomeVC.m */,
				15DB4118238E281000DE1F5C /* RuiXingCoffeeHomeHeaderView.h */,
				15DB4119238E281000DE1F5C /* RuiXingCoffeeHomeHeaderView.m */,
			);
			path = Other;
			sourceTree = "<group>";
		};
		15EFE135236FCD7000912334 /* Base */ = {
			isa = PBXGroup;
			children = (
				153FDD402383CF3700EFE6FB /* BaseController.h */,
				153FDD412383CF3700EFE6FB /* BaseController.m */,
			);
			path = Base;
			sourceTree = "<group>";
		};
		15EFE17C23717B6B00912334 /* Component */ = {
			isa = PBXGroup;
			children = (
				15EFE17D23717B8100912334 /* RecycleViewController.h */,
				15EFE17E23717B8100912334 /* RecycleViewController.m */,
				1543E9782372739A00A8F9BA /* PupViewController.h */,
				1543E9792372739A00A8F9BA /* PupViewController.m */,
				1502C2EA238BBCD900C93443 /* StaticCollectionViewController.h */,
				1502C2EB238BBCD900C93443 /* StaticCollectionViewController.m */,
				1545EBD2238D147600157D71 /* NoRuleCollectionViewController.h */,
				1545EBD3238D147600157D71 /* NoRuleCollectionViewController.m */,
				1502C2ED238BBFA300C93443 /* StaticCollectionViewCell.h */,
				1502C2EE238BBFA300C93443 /* StaticCollectionViewCell.m */,
				1502C2EF238BBFA300C93443 /* StaticCollectionViewCell.xib */,
				15FF8BB523751F8100B920B2 /* SearchViewController.h */,
				15FF8BB623751F8100B920B2 /* SearchViewController.m */,
				157EF8FF2397ABBA00FF4C98 /* AlertController.h */,
				157EF9002397ABBA00FF4C98 /* AlertController.m */,
				15D53C25239E1EB800A10E0B /* ToastController.h */,
				15D53C26239E1EB800A10E0B /* ToastController.m */,
				15BB8F2123A38B9800698AE4 /* PageableCollectionController.h */,
				15BB8F2223A38B9800698AE4 /* PageableCollectionController.m */,
			);
			path = Component;
			sourceTree = "<group>";
		};
		74ED8899ABC998C81C328A3A /* Pods */ = {
			isa = PBXGroup;
			children = (
				CC1DC1C3CACFE58F133EC4CB /* Pods-CSLUILibraryDemo.debug.xcconfig */,
				83958D723C86C661A88C9606 /* Pods-CSLUILibraryDemo.release.xcconfig */,
			);
			path = Pods;
			sourceTree = "<group>";
		};
		874267574825097C56BF1582 /* Frameworks */ = {
			isa = PBXGroup;
			children = (
				4AD27CE187FC64CC27895BFE /* libPods-CSLUILibraryDemo.a */,
			);
			name = Frameworks;
			sourceTree = "<group>";
		};
/* End PBXGroup section */

/* Begin PBXNativeTarget section */
		158C6C48236A96C600F80FA6 /* CSLUILibraryDemo */ = {
			isa = PBXNativeTarget;
			buildConfigurationList = 158C6C5F236A96C700F80FA6 /* Build configuration list for PBXNativeTarget "CSLUILibraryDemo" */;
			buildPhases = (
				BEB19D70C70AC84895066277 /* [CP] Check Pods Manifest.lock */,
				158C6C45236A96C600F80FA6 /* Sources */,
				158C6C46236A96C600F80FA6 /* Frameworks */,
				158C6C47236A96C600F80FA6 /* Resources */,
				27437BFECB7A0A91A570F1D6 /* [CP] Copy Pods Resources */,
			);
			buildRules = (
			);
			dependencies = (
			);
			name = CSLUILibraryDemo;
			productName = CSLUILibraryDemo;
			productReference = 158C6C49236A96C600F80FA6 /* CSLUILibraryDemo.app */;
			productType = "com.apple.product-type.application";
		};
/* End PBXNativeTarget section */

/* Begin PBXProject section */
		158C6C41236A96C600F80FA6 /* Project object */ = {
			isa = PBXProject;
			attributes = {
				LastUpgradeCheck = 1010;
				ORGANIZATIONNAME = csl;
				TargetAttributes = {
					158C6C48236A96C600F80FA6 = {
						CreatedOnToolsVersion = 10.1;
					};
				};
			};
			buildConfigurationList = 158C6C44236A96C600F80FA6 /* Build configuration list for PBXProject "CSLUILibraryDemo" */;
			compatibilityVersion = "Xcode 9.3";
			developmentRegion = en;
			hasScannedForEncodings = 0;
			knownRegions = (
				en,
				Base,
			);
			mainGroup = 158C6C40236A96C600F80FA6;
			productRefGroup = 158C6C4A236A96C600F80FA6 /* Products */;
			projectDirPath = "";
			projectRoot = "";
			targets = (
				158C6C48236A96C600F80FA6 /* CSLUILibraryDemo */,
			);
		};
/* End PBXProject section */

/* Begin PBXResourcesBuildPhase section */
		158C6C47236A96C600F80FA6 /* Resources */ = {
			isa = PBXResourcesBuildPhase;
			buildActionMask = 2147483647;
			files = (
				15EFE1532370FE7D00912334 /* 11.PNG in Resources */,
				15EFE18623717E7C00912334 /* cir0.png in Resources */,
				15EFE18723717E7C00912334 /* cir1.png in Resources */,
				158C6C59236A96C700F80FA6 /* LaunchScreen.storyboard in Resources */,
				15EFE18423717E7C00912334 /* cir3.png in Resources */,
				158C6C56236A96C700F80FA6 /* Assets.xcassets in Resources */,
				15EFE18523717E7C00912334 /* cir2.png in Resources */,
				158C6C54236A96C600F80FA6 /* Main.storyboard in Resources */,
				1502C2F1238BBFA300C93443 /* StaticCollectionViewCell.xib in Resources */,
				15596B5D236C2E200073C0CB /* 3.jpg in Resources */,
			);
			runOnlyForDeploymentPostprocessing = 0;
		};
/* End PBXResourcesBuildPhase section */

/* Begin PBXShellScriptBuildPhase section */
		27437BFECB7A0A91A570F1D6 /* [CP] Copy Pods Resources */ = {
			isa = PBXShellScriptBuildPhase;
			buildActionMask = 2147483647;
			files = (
			);
			inputFileListPaths = (
				"${PODS_ROOT}/Target Support Files/Pods-CSLUILibraryDemo/Pods-CSLUILibraryDemo-resources-${CONFIGURATION}-input-files.xcfilelist",
			);
			name = "[CP] Copy Pods Resources";
			outputFileListPaths = (
				"${PODS_ROOT}/Target Support Files/Pods-CSLUILibraryDemo/Pods-CSLUILibraryDemo-resources-${CONFIGURATION}-output-files.xcfilelist",
			);
			runOnlyForDeploymentPostprocessing = 0;
			shellPath = /bin/sh;
			shellScript = "\"${PODS_ROOT}/Target Support Files/Pods-CSLUILibraryDemo/Pods-CSLUILibraryDemo-resources.sh\"\n";
			showEnvVarsInLog = 0;
		};
		BEB19D70C70AC84895066277 /* [CP] Check Pods Manifest.lock */ = {
			isa = PBXShellScriptBuildPhase;
			buildActionMask = 2147483647;
			files = (
			);
			inputFileListPaths = (
			);
			inputPaths = (
				"${PODS_PODFILE_DIR_PATH}/Podfile.lock",
				"${PODS_ROOT}/Manifest.lock",
			);
			name = "[CP] Check Pods Manifest.lock";
			outputFileListPaths = (
			);
			outputPaths = (
				"$(DERIVED_FILE_DIR)/Pods-CSLUILibraryDemo-checkManifestLockResult.txt",
			);
			runOnlyForDeploymentPostprocessing = 0;
			shellPath = /bin/sh;
			shellScript = "diff \"${PODS_PODFILE_DIR_PATH}/Podfile.lock\" \"${PODS_ROOT}/Manifest.lock\" > /dev/null\nif [ $? != 0 ] ; then\n    # print error to STDERR\n    echo \"error: The sandbox is not in sync with the Podfile.lock. Run 'pod install' or update your CocoaPods installation.\" >&2\n    exit 1\nfi\n# This output is used by Xcode 'outputs' to avoid re-running this script phase.\necho \"SUCCESS\" > \"${SCRIPT_OUTPUT_FILE_0}\"\n";
			showEnvVarsInLog = 0;
		};
/* End PBXShellScriptBuildPhase section */

/* Begin PBXSourcesBuildPhase section */
		158C6C45236A96C600F80FA6 /* Sources */ = {
			isa = PBXSourcesBuildPhase;
			buildActionMask = 2147483647;
			files = (
				157EF9012397ABBA00FF4C98 /* AlertController.m in Sources */,
				150C579C2394ED8600FC8DE2 /* ButtonController.m in Sources */,
				150C57A523960D0100FC8DE2 /* CustomTableCellController.m in Sources */,
				15596B5B236C29480073C0CB /* ImageViewController.m in Sources */,
				1550CC34236AD749002CB249 /* LabelController.m in Sources */,
				1502C2EC238BBCD900C93443 /* StaticCollectionViewController.m in Sources */,
				1543E97A2372739A00A8F9BA /* PupViewController.m in Sources */,
				15D53C27239E1EB800A10E0B /* ToastController.m in Sources */,
				15FF8BB723751F8100B920B2 /* SearchViewController.m in Sources */,
				158C6C51236A96C600F80FA6 /* ViewController.m in Sources */,
				15D1597623868793006DD86B /* TabbarController.m in Sources */,
				15FA042723A72DE800DF6A41 /* NoticeBarController.m in Sources */,
				15BB8F2323A38B9800698AE4 /* PageableCollectionController.m in Sources */,
				15B3C7DE237A8843009CAFFE /* YYFPSLabel.m in Sources */,
				153FDD422383CF3700EFE6FB /* BaseController.m in Sources */,
				15EFE17F23717B8100912334 /* RecycleViewController.m in Sources */,
				1545EBD4238D147600157D71 /* NoRuleCollectionViewController.m in Sources */,
				1545EBDB238D2F9700157D71 /* CustomViewController.m in Sources */,
				158C6C5C236A96C700F80FA6 /* main.m in Sources */,
				15D15963238627B1006DD86B /* NavTranslucentViewController.m in Sources */,
				1502C2F0238BBFA300C93443 /* StaticCollectionViewCell.m in Sources */,
				15DB411A238E281000DE1F5C /* RuiXingCoffeeHomeHeaderView.m in Sources */,
				158C6C4E236A96C600F80FA6 /* AppDelegate.m in Sources */,
				15DB4114238E0E5200DE1F5C /* RuiXingCoffeeHomeVC.m in Sources */,
			);
			runOnlyForDeploymentPostprocessing = 0;
		};
/* End PBXSourcesBuildPhase section */

/* Begin PBXVariantGroup section */
		158C6C52236A96C600F80FA6 /* Main.storyboard */ = {
			isa = PBXVariantGroup;
			children = (
				158C6C53236A96C600F80FA6 /* Base */,
			);
			name = Main.storyboard;
			sourceTree = "<group>";
		};
		158C6C57236A96C700F80FA6 /* LaunchScreen.storyboard */ = {
			isa = PBXVariantGroup;
			children = (
				158C6C58236A96C700F80FA6 /* Base */,
			);
			name = LaunchScreen.storyboard;
			sourceTree = "<group>";
		};
/* End PBXVariantGroup section */

/* Begin XCBuildConfiguration section */
		158C6C5D236A96C700F80FA6 /* Debug */ = {
			isa = XCBuildConfiguration;
			buildSettings = {
				ALWAYS_SEARCH_USER_PATHS = NO;
				CLANG_ANALYZER_NONNULL = YES;
				CLANG_ANALYZER_NUMBER_OBJECT_CONVERSION = YES_AGGRESSIVE;
				CLANG_CXX_LANGUAGE_STANDARD = "gnu++14";
				CLANG_CXX_LIBRARY = "libc++";
				CLANG_ENABLE_MODULES = YES;
				CLANG_ENABLE_OBJC_ARC = YES;
				CLANG_ENABLE_OBJC_WEAK = YES;
				CLANG_WARN_BLOCK_CAPTURE_AUTORELEASING = YES;
				CLANG_WARN_BOOL_CONVERSION = YES;
				CLANG_WARN_COMMA = YES;
				CLANG_WARN_CONSTANT_CONVERSION = YES;
				CLANG_WARN_DEPRECATED_OBJC_IMPLEMENTATIONS = YES;
				CLANG_WARN_DIRECT_OBJC_ISA_USAGE = YES_ERROR;
				CLANG_WARN_DOCUMENTATION_COMMENTS = YES;
				CLANG_WARN_EMPTY_BODY = YES;
				CLANG_WARN_ENUM_CONVERSION = YES;
				CLANG_WARN_INFINITE_RECURSION = YES;
				CLANG_WARN_INT_CONVERSION = YES;
				CLANG_WARN_NON_LITERAL_NULL_CONVERSION = YES;
				CLANG_WARN_OBJC_IMPLICIT_RETAIN_SELF = YES;
				CLANG_WARN_OBJC_LITERAL_CONVERSION = YES;
				CLANG_WARN_OBJC_ROOT_CLASS = YES_ERROR;
				CLANG_WARN_RANGE_LOOP_ANALYSIS = YES;
				CLANG_WARN_STRICT_PROTOTYPES = YES;
				CLANG_WARN_SUSPICIOUS_MOVE = YES;
				CLANG_WARN_UNGUARDED_AVAILABILITY = YES_AGGRESSIVE;
				CLANG_WARN_UNREACHABLE_CODE = YES;
				CLANG_WARN__DUPLICATE_METHOD_MATCH = YES;
				CODE_SIGN_IDENTITY = "iPhone Developer";
				COPY_PHASE_STRIP = NO;
				DEBUG_INFORMATION_FORMAT = dwarf;
				ENABLE_STRICT_OBJC_MSGSEND = YES;
				ENABLE_TESTABILITY = YES;
				GCC_C_LANGUAGE_STANDARD = gnu11;
				GCC_DYNAMIC_NO_PIC = NO;
				GCC_NO_COMMON_BLOCKS = YES;
				GCC_OPTIMIZATION_LEVEL = 0;
				GCC_PREPROCESSOR_DEFINITIONS = (
					"DEBUG=1",
					"$(inherited)",
				);
				GCC_WARN_64_TO_32_BIT_CONVERSION = YES;
				GCC_WARN_ABOUT_RETURN_TYPE = YES_ERROR;
				GCC_WARN_UNDECLARED_SELECTOR = YES;
				GCC_WARN_UNINITIALIZED_AUTOS = YES_AGGRESSIVE;
				GCC_WARN_UNUSED_FUNCTION = YES;
				GCC_WARN_UNUSED_VARIABLE = YES;
				IPHONEOS_DEPLOYMENT_TARGET = 12.1;
				MTL_ENABLE_DEBUG_INFO = INCLUDE_SOURCE;
				MTL_FAST_MATH = YES;
				ONLY_ACTIVE_ARCH = YES;
				SDKROOT = iphoneos;
			};
			name = Debug;
		};
		158C6C5E236A96C700F80FA6 /* Release */ = {
			isa = XCBuildConfiguration;
			buildSettings = {
				ALWAYS_SEARCH_USER_PATHS = NO;
				CLANG_ANALYZER_NONNULL = YES;
				CLANG_ANALYZER_NUMBER_OBJECT_CONVERSION = YES_AGGRESSIVE;
				CLANG_CXX_LANGUAGE_STANDARD = "gnu++14";
				CLANG_CXX_LIBRARY = "libc++";
				CLANG_ENABLE_MODULES = YES;
				CLANG_ENABLE_OBJC_ARC = YES;
				CLANG_ENABLE_OBJC_WEAK = YES;
				CLANG_WARN_BLOCK_CAPTURE_AUTORELEASING = YES;
				CLANG_WARN_BOOL_CONVERSION = YES;
				CLANG_WARN_COMMA = YES;
				CLANG_WARN_CONSTANT_CONVERSION = YES;
				CLANG_WARN_DEPRECATED_OBJC_IMPLEMENTATIONS = YES;
				CLANG_WARN_DIRECT_OBJC_ISA_USAGE = YES_ERROR;
				CLANG_WARN_DOCUMENTATION_COMMENTS = YES;
				CLANG_WARN_EMPTY_BODY = YES;
				CLANG_WARN_ENUM_CONVERSION = YES;
				CLANG_WARN_INFINITE_RECURSION = YES;
				CLANG_WARN_INT_CONVERSION = YES;
				CLANG_WARN_NON_LITERAL_NULL_CONVERSION = YES;
				CLANG_WARN_OBJC_IMPLICIT_RETAIN_SELF = YES;
				CLANG_WARN_OBJC_LITERAL_CONVERSION = YES;
				CLANG_WARN_OBJC_ROOT_CLASS = YES_ERROR;
				CLANG_WARN_RANGE_LOOP_ANALYSIS = YES;
				CLANG_WARN_STRICT_PROTOTYPES = YES;
				CLANG_WARN_SUSPICIOUS_MOVE = YES;
				CLANG_WARN_UNGUARDED_AVAILABILITY = YES_AGGRESSIVE;
				CLANG_WARN_UNREACHABLE_CODE = YES;
				CLANG_WARN__DUPLICATE_METHOD_MATCH = YES;
				CODE_SIGN_IDENTITY = "iPhone Developer";
				COPY_PHASE_STRIP = NO;
				DEBUG_INFORMATION_FORMAT = "dwarf-with-dsym";
				ENABLE_NS_ASSERTIONS = NO;
				ENABLE_STRICT_OBJC_MSGSEND = YES;
				GCC_C_LANGUAGE_STANDARD = gnu11;
				GCC_NO_COMMON_BLOCKS = YES;
				GCC_WARN_64_TO_32_BIT_CONVERSION = YES;
				GCC_WARN_ABOUT_RETURN_TYPE = YES_ERROR;
				GCC_WARN_UNDECLARED_SELECTOR = YES;
				GCC_WARN_UNINITIALIZED_AUTOS = YES_AGGRESSIVE;
				GCC_WARN_UNUSED_FUNCTION = YES;
				GCC_WARN_UNUSED_VARIABLE = YES;
				IPHONEOS_DEPLOYMENT_TARGET = 12.1;
				MTL_ENABLE_DEBUG_INFO = NO;
				MTL_FAST_MATH = YES;
				SDKROOT = iphoneos;
				VALIDATE_PRODUCT = YES;
			};
			name = Release;
		};
		158C6C60236A96C700F80FA6 /* Debug */ = {
			isa = XCBuildConfiguration;
			baseConfigurationReference = CC1DC1C3CACFE58F133EC4CB /* Pods-CSLUILibraryDemo.debug.xcconfig */;
			buildSettings = {
				ASSETCATALOG_COMPILER_APPICON_NAME = AppIcon;
				CODE_SIGN_IDENTITY = "iPhone Developer";
				CODE_SIGN_STYLE = Automatic;
				DEBUG_INFORMATION_FORMAT = "dwarf-with-dsym";
				DEVELOPMENT_TEAM = 29MBWU3927;
				GCC_PRECOMPILE_PREFIX_HEADER = YES;
				GCC_PREFIX_HEADER = "$(SRCROOT)/CSLUILibraryDemo/CSLUILibraryPrefixHeader.pch";
				INFOPLIST_FILE = CSLUILibraryDemo/Info.plist;
				IPHONEOS_DEPLOYMENT_TARGET = 8.0;
				LD_RUNPATH_SEARCH_PATHS = (
					"$(inherited)",
					"@executable_path/Frameworks",
				);
				PRODUCT_BUNDLE_IDENTIFIER = com.csl.cslUILibraryDemo;
				PRODUCT_NAME = "$(TARGET_NAME)";
				PROVISIONING_PROFILE_SPECIFIER = "";
				TARGETED_DEVICE_FAMILY = "1,2";
			};
			name = Debug;
		};
		158C6C61236A96C700F80FA6 /* Release */ = {
			isa = XCBuildConfiguration;
			baseConfigurationReference = 83958D723C86C661A88C9606 /* Pods-CSLUILibraryDemo.release.xcconfig */;
			buildSettings = {
				ASSETCATALOG_COMPILER_APPICON_NAME = AppIcon;
				CODE_SIGN_STYLE = Automatic;
				DEVELOPMENT_TEAM = 29MBWU3927;
				GCC_PRECOMPILE_PREFIX_HEADER = YES;
				GCC_PREFIX_HEADER = "$(SRCROOT)/CSLUILibraryDemo/CSLUILibraryPrefixHeader.pch";
				INFOPLIST_FILE = CSLUILibraryDemo/Info.plist;
				IPHONEOS_DEPLOYMENT_TARGET = 8.0;
				LD_RUNPATH_SEARCH_PATHS = (
					"$(inherited)",
					"@executable_path/Frameworks",
				);
				PRODUCT_BUNDLE_IDENTIFIER = com.csl.cslUILibraryDemo;
				PRODUCT_NAME = "$(TARGET_NAME)";
				PROVISIONING_PROFILE_SPECIFIER = "";
				TARGETED_DEVICE_FAMILY = "1,2";
			};
			name = Release;
		};
/* End XCBuildConfiguration section */

/* Begin XCConfigurationList section */
		158C6C44236A96C600F80FA6 /* Build configuration list for PBXProject "CSLUILibraryDemo" */ = {
			isa = XCConfigurationList;
			buildConfigurations = (
				158C6C5D236A96C700F80FA6 /* Debug */,
				158C6C5E236A96C700F80FA6 /* Release */,
			);
			defaultConfigurationIsVisible = 0;
			defaultConfigurationName = Release;
		};
		158C6C5F236A96C700F80FA6 /* Build configuration list for PBXNativeTarget "CSLUILibraryDemo" */ = {
			isa = XCConfigurationList;
			buildConfigurations = (
				158C6C60236A96C700F80FA6 /* Debug */,
				158C6C61236A96C700F80FA6 /* Release */,
			);
			defaultConfigurationIsVisible = 0;
			defaultConfigurationName = Release;
		};
/* End XCConfigurationList section */
	};
	rootObject = 158C6C41236A96C600F80FA6 /* Project object */;
}
